
Microsoft Visual Studio Solution File, Format Version 12.00
# Visual Studio Version 16
VisualStudioVersion = 16.0.30717.126
MinimumVisualStudioVersion = 10.0.40219.1
Project("{FAE04EC0-301F-11D3-BF4B-00C04F79EFBC}") = "FFTDenoiseRMS", "FFTDenoiseRMS\FFTDenoiseRMS.csproj", "{DD8E8EC3-6625-412F-AFAA-E1903AA170BE}"
EndProject
Global
	GlobalSection(SolutionConfigurationPlatforms) = preSolution
		Debug|Any CPU = Debug|Any CPU
		Release|Any CPU = Release|Any CPU
	EndGlobalSection
	GlobalSection(ProjectConfigurationPlatforms) = postSolution
		{DD8E8EC3-6625-412F-AFAA-E1903AA170BE}.Debug|Any CPU.ActiveCfg = Debug|Any CPU
		{DD8E8EC3-6625-412F-AFAA-E1903AA170BE}.Debug|Any CPU.Build.0 = Debug|Any CPU
		{DD8E8EC3-6625-412F-AFAA-E1903AA170BE}.Release|Any CPU.ActiveCfg = Release|Any CPU
		{DD8E8EC3-6625-412F-AFAA-E1903AA170BE}.Release|Any CPU.Build.0 = Release|Any CPU
	EndGlobalSection
	GlobalSection(SolutionProperties) = preSolution
		HideSolutionNode = FALSE
	EndGlobalSection
	GlobalSection(ExtensibilityGlobals) = postSolution
		SolutionGuid = {A6B5AEA4-CF14-4F32-8060-D8B390B70B2A}
	EndGlobalSection
EndGlobal
